
Microsoft Visual Studio Solution File, Format Version 12.00
# Visual Studio Version 17
VisualStudioVersion = 17.3.32901.215
MinimumVisualStudioVersion = 10.0.40219.1
Project("{FAE04EC0-301F-11D3-BF4B-00C04F79EFBC}") = "Application Security Assignment", "Application Security Assignment\Application Security Assignment.csproj", "{A73CE444-0005-45E0-8F6E-918F8B3A4918}"
EndProject
Global
	GlobalSection(SolutionConfigurationPlatforms) = preSolution
		Debug|Any CPU = Debug|Any CPU
		Release|Any CPU = Release|Any CPU
	EndGlobalSection
	GlobalSection(ProjectConfigurationPlatforms) = postSolution
		{A73CE444-0005-45E0-8F6E-918F8B3A4918}.Debug|Any CPU.ActiveCfg = Debug|Any CPU
		{A73CE444-0005-45E0-8F6E-918F8B3A4918}.Debug|Any CPU.Build.0 = Debug|Any CPU
		{A73CE444-0005-45E0-8F6E-918F8B3A4918}.Release|Any CPU.ActiveCfg = Release|Any CPU
		{A73CE444-0005-45E0-8F6E-918F8B3A4918}.Release|Any CPU.Build.0 = Release|Any CPU
	EndGlobalSection
	GlobalSection(SolutionProperties) = preSolution
		HideSolutionNode = FALSE
	EndGlobalSection
	GlobalSection(ExtensibilityGlobals) = postSolution
		SolutionGuid = {084793DD-D1D6-4162-AB05-4625B48FE21A}
	EndGlobalSection
EndGlobal
